{
    "hash": "04ba2fab8f9a19374c5dbcb2c0b2a201",
    "packages": [
        {
            "package": "Anchovy/CURLBundle",
            "version": "dev-master",
            "source-reference": "961c9551a40205d44f3ad79674f85689b8fa3df8"
        },
        {
            "package": "alexandresalome/php-selenium",
            "version": "master-dev",
            "source-reference": "master"
        },
        {
            "package": "behat/behat",
            "version": "dev-master",
            "source-reference": "v2.3.5"
        },
        {
            "package": "behat/behat-bundle",
            "version": "dev-master",
            "source-reference": "55ede38ec9694d67c7bc51e910f7009978421a56"
        },
        {
            "package": "behat/gherkin",
            "version": "v2.1.1"
        },
        {
            "package": "behat/mink",
            "version": "dev-master",
            "source-reference": "v1.3.3"
        },
        {
            "package": "behat/mink-bundle",
            "version": "dev-master",
            "source-reference": "4f68c897b5a0b0414d3fad9b282a2a8885136cad"
        },
        {
            "package": "behat/sahi-client",
            "version": "dev-master",
            "source-reference": "v1.0.1"
        },
        {
            "package": "doctrine/common",
            "version": "2.2.2"
        },
        {
            "package": "doctrine/dbal",
            "version": "2.2.2"
        },
        {
            "package": "doctrine/doctrine-bundle",
            "version": "dev-master",
            "source-reference": "dd3d35dd28e864fb908a70f8b206d1209aa2c333"
        },
        {
            "package": "doctrine/doctrine-migrations-bundle",
            "version": "dev-master",
            "source-reference": "e670643b1011fb997a209d8564a1c493fda1f4c3"
        },
        {
            "package": "doctrine/migrations",
            "version": "dev-master",
            "source-reference": "9e81984b0f126b0830d9ac6acc2d1da81aba2b94"
        },
        {
            "package": "doctrine/orm",
            "version": "2.2.x-dev",
            "source-reference": "159b6f89471ac05f1c1ef2d53cc2c989ce9215a3"
        },
        {
            "package": "jms/aop-bundle",
            "version": "1.0.0"
        },
        {
            "package": "jms/cg",
            "version": "1.0.0"
        },
        {
            "package": "jms/di-extra-bundle",
            "version": "1.0.1"
        },
        {
            "package": "jms/metadata",
            "version": "1.1.1"
        },
        {
            "package": "jms/security-extra-bundle",
            "version": "1.1.0"
        },
        {
            "package": "kriswallsmith/assetic",
            "version": "dev-master",
            "source-reference": "eb3b5eb732e5f172d5aa12dea0af36b7989c18b3"
        },
        {
            "package": "kriswallsmith/buzz",
            "version": "dev-master",
            "source-reference": "83147864bfac8d47a56ac26b901b8f39ef078489"
        },
        {
            "package": "monolog/monolog",
            "version": "1.0.2"
        },
        {
            "package": "sensio/distribution-bundle",
            "version": "dev-master",
            "source-reference": "38be63ebb45cc1fbeaff3f2bdf6d0ed216305a24"
        },
        {
            "package": "sensio/framework-extra-bundle",
            "version": "dev-master",
            "source-reference": "94a9615c6e52a3d02ca7f44eee56f20e0c5c4622"
        },
        {
            "package": "sensio/generator-bundle",
            "version": "dev-master",
            "source-reference": "06d07e0514d310be8d5630bfd93637136991c30c"
        },
        {
            "package": "swiftmailer/swiftmailer",
            "version": "4.1.6"
        },
        {
            "package": "symfony/assetic-bundle",
            "version": "dev-master",
            "source-reference": "d370e914e86518e88aa00ab266796ee032b8262e"
        },
        {
            "package": "symfony/monolog-bundle",
            "version": "dev-master",
            "source-reference": "289442e385e7c0fe4aa2e8884d11e774a8f9ad99"
        },
        {
            "package": "symfony/swiftmailer-bridge",
            "version": "dev-master",
            "source-reference": "23b8d5c049bb3dfb67ec04bbea09464da27c4ec7"
        },
        {
            "package": "symfony/swiftmailer-bundle",
            "version": "dev-master",
            "source-reference": "75f8f95c201922a966274547131b33291d15d51b"
        },
        {
            "package": "symfony/symfony",
            "version": "dev-master",
            "source-reference": "85bb43935669eb1e92a5b32f5f20872f34377300",
            "alias": "2.1.9999999.9999999-dev"
        },
        {
            "package": "twig/extensions",
            "version": "dev-master",
            "source-reference": "446d870272cd87a720e95242eade38a2acf56eaa"
        },
        {
            "package": "twig/twig",
            "version": "dev-master",
            "source-reference": "037f86aa550737abf633e991f3606b9de5a69657",
            "alias": "1.7.9999999.9999999-dev"
        }
    ],
    "packages-dev": null,
    "aliases": []
}
