{
    "hash": "5685d8adab50f683ad3e074be074c21b",
    "packages": [
        {
            "package": "Anchovy/CURLBundle",
            "version": "dev-master",
            "source-reference": "961c9551a40205d44f3ad79674f85689b8fa3df8",
            "commit-date": "1332523505"
        },
        {
            "package": "alexandresalome/php-selenium",
            "version": "master-dev",
            "source-reference": "master",
            "commit-date": "1337584940"
        },
        {
            "package": "antimattr/google-bundle",
            "version": "dev-master",
            "source-reference": "febabfdd08674d2beb291d2d9315a93b442060d0",
            "commit-date": "1342538087"
        },
        {
            "package": "behat/behat",
            "version": "v2.4.3"
        },
        {
            "package": "behat/gherkin",
            "version": "v2.2.4"
        },
        {
            "package": "behat/mink",
            "version": "v1.3.4"
        },
        {
            "package": "behat/mink-bundle",
            "version": "dev-master",
            "source-reference": "b44df60a8533824469591a8d3b8e2dbc916a1d59",
            "commit-date": "1344291139"
        },
        {
            "package": "behat/sahi-client",
            "version": "dev-master",
            "source-reference": "v1.0.1",
            "commit-date": "1324461849"
        },
        {
            "package": "behat/symfony2-extension",
            "version": "dev-master",
            "source-reference": "3955aea7932b69aa35893c594ae76da9ce7e1e42",
            "commit-date": "1343142072"
        },
        {
            "package": "doctrine/common",
            "version": "2.2.2"
        },
        {
            "package": "doctrine/dbal",
            "version": "2.2.x-dev",
            "source-reference": "da4b7b4d965db0c1c1d23333e87ee5ae8994e249",
            "commit-date": "1344978731"
        },
        {
            "package": "doctrine/doctrine-bundle",
            "version": "dev-master",
            "source-reference": "4d9bb0f3af470556983eb41a7d19ede23401ef0b",
            "commit-date": "1344549563"
        },
        {
            "package": "doctrine/doctrine-migrations-bundle",
            "version": "dev-master",
            "source-reference": "3792aa78445773387754c6853bbd7f4dcb31f486",
            "commit-date": "1341472972"
        },
        {
            "package": "doctrine/migrations",
            "version": "dev-master",
            "source-reference": "b86b4cc0a39714f0aa53b908d495beacfa0e4011",
            "commit-date": "1343202693"
        },
        {
            "package": "doctrine/orm",
            "version": "2.2.x-dev",
            "source-reference": "7d343302a8f886be9cfb2a9c8345a95740dcfde9",
            "commit-date": "1343560954"
        },
        {
            "package": "friendsofsymfony/user-bundle",
            "version": "dev-master",
            "source-reference": "4a9a399ca35de71504fcfe356b161b97b9980620",
            "commit-date": "1345146070"
        },
        {
            "package": "gedmo/doctrine-extensions",
            "version": "dev-master",
            "source-reference": "9bb455ba52d223a47323f4c5832635ccc328f630",
            "commit-date": "1344437232"
        },
        {
            "package": "jms/aop-bundle",
            "version": "1.0.0"
        },
        {
            "package": "jms/cg",
            "version": "1.0.0"
        },
        {
            "package": "jms/di-extra-bundle",
            "version": "1.0.1"
        },
        {
            "package": "jms/metadata",
            "version": "1.1.1"
        },
        {
            "package": "jms/security-extra-bundle",
            "version": "1.1.0"
        },
        {
            "package": "knplabs/knp-menu",
            "version": "1.1.x-dev",
            "source-reference": "v1.1.2",
            "commit-date": "1339345240"
        },
        {
            "package": "knplabs/knp-menu-bundle",
            "version": "v1.1.0"
        },
        {
            "package": "kriswallsmith/assetic",
            "version": "dev-master",
            "alias-pretty-version": "1.1.x-dev",
            "alias-version": "1.1.9999999.9999999-dev"
        },
        {
            "package": "kriswallsmith/assetic",
            "version": "dev-master",
            "source-reference": "d1d5066d9071a76d771993081ee23137e96216b7",
            "commit-date": "1344507381"
        },
        {
            "package": "kriswallsmith/buzz",
            "version": "dev-master",
            "source-reference": "2ba5da13b1b03590f0164b3fb61578078d671fcc",
            "commit-date": "1341070218"
        },
        {
            "package": "lunetics/locale-bundle",
            "version": "dev-master",
            "source-reference": "bbe7cf86588b687b4cdbae7c8076747385b6ab07",
            "commit-date": "1345146571"
        },
        {
            "package": "monolog/monolog",
            "version": "1.1.0"
        },
        {
            "package": "pagerfanta/pagerfanta",
            "version": "dev-master",
            "source-reference": "486a9b809fa7660787fb3b97dffcc26d30de6356",
            "commit-date": "1343021263"
        },
        {
            "package": "sensio/buzz-bundle",
            "version": "dev-master",
            "source-reference": "0754d7dd155efc4f85de60993571b0b6a5aaccb9",
            "commit-date": "1338188924"
        },
        {
            "package": "sensio/distribution-bundle",
            "version": "dev-master",
            "source-reference": "bd98b5fb0e4a5dddb4f7acd2e11f28c4cd7eacee",
            "commit-date": "1345139690"
        },
        {
            "package": "sensio/framework-extra-bundle",
            "version": "dev-master",
            "source-reference": "ade2d53b20a9fc3428f04c863b3fd4fca0b62181",
            "commit-date": "1344072374"
        },
        {
            "package": "sensio/generator-bundle",
            "version": "dev-master",
            "source-reference": "d8fc1666f3cdb403f1b2d4320c45ddd6adbdf6a5",
            "commit-date": "1343980150"
        },
        {
            "package": "sonata-project/admin-bundle",
            "version": "dev-master",
            "source-reference": "07e013ec1b00bfaac58663c6e5f3abc46cf1aa36",
            "commit-date": "1345061800"
        },
        {
            "package": "sonata-project/block-bundle",
            "version": "dev-master",
            "source-reference": "4eaa80db98229598e18b16663172d9063e18e732",
            "commit-date": "1343732144"
        },
        {
            "package": "sonata-project/cache-bundle",
            "version": "dev-master",
            "source-reference": "a555a92e369d85279a2f1dcdcfd3a97fd513abd3",
            "commit-date": "1343731563"
        },
        {
            "package": "sonata-project/doctrine-extensions",
            "version": "dev-master",
            "source-reference": "0a316790871e1ea7f019e2313667570eabd270b9",
            "commit-date": "1332462393"
        },
        {
            "package": "sonata-project/doctrine-orm-admin-bundle",
            "version": "dev-master",
            "source-reference": "533b15f9663eea626b33295fee879f7eaf5e25d5",
            "commit-date": "1344189658"
        },
        {
            "package": "sonata-project/easy-extends-bundle",
            "version": "dev-master",
            "source-reference": "4590e4ee970c031deae56c7cd18f71f77aeceb3c",
            "commit-date": "1343805856"
        },
        {
            "package": "sonata-project/exporter",
            "version": "dev-master",
            "source-reference": "bcdfd50bc3118173d914e790921701ab26fb6b14",
            "commit-date": "1338844924"
        },
        {
            "package": "sonata-project/jquery-bundle",
            "version": "dev-master",
            "source-reference": "785870afce016cc387fadb361ad52c3d4a2e7fe6",
            "commit-date": "1339857469"
        },
        {
            "package": "sonata-project/user-bundle",
            "version": "dev-master",
            "source-reference": "d9d6db0d37905371a1b0498a6892b68c9b7d7bd9",
            "commit-date": "1345131532"
        },
        {
            "package": "stof/doctrine-extensions-bundle",
            "version": "dev-master",
            "source-reference": "f31a0861de08b6594f09430a4cbaf0618e5e11ad",
            "commit-date": "1343029923"
        },
        {
            "package": "swiftmailer/swiftmailer",
            "version": "dev-master",
            "alias-pretty-version": "4.2.x-dev",
            "alias-version": "4.2.9999999.9999999-dev"
        },
        {
            "package": "swiftmailer/swiftmailer",
            "version": "dev-master",
            "source-reference": "19045c3692f6f6ddb4abc5ebfaf3f86f1c57d265",
            "commit-date": "1343980916"
        },
        {
            "package": "symfony/assetic-bundle",
            "version": "dev-master",
            "source-reference": "ec3a65d3eab342af9e93a3c21af0ac7b78e01c17",
            "commit-date": "1344507386"
        },
        {
            "package": "symfony/monolog-bundle",
            "version": "dev-master",
            "source-reference": "aed4d742838d2a7350633fed7afe18dbfd3415de",
            "commit-date": "1344949802"
        },
        {
            "package": "symfony/swiftmailer-bundle",
            "version": "dev-master",
            "source-reference": "v2.1.0-RC1",
            "commit-date": "1342684512"
        },
        {
            "package": "symfony/symfony",
            "version": "dev-master",
            "alias-pretty-version": "2.1.x-dev",
            "alias-version": "2.1.9999999.9999999-dev"
        },
        {
            "package": "symfony/symfony",
            "version": "dev-master",
            "source-reference": "d3625b0c2bf96b8d6f8ef6682b4d51be8c213f83",
            "commit-date": "1345191498"
        },
        {
            "package": "twig/extensions",
            "version": "dev-master",
            "source-reference": "feb6d3f10c411e2631997c0a905aa581c80305c1",
            "commit-date": "1337599699"
        },
        {
            "package": "twig/twig",
            "version": "dev-master",
            "alias-pretty-version": "1.9.x-dev",
            "alias-version": "1.9.9999999.9999999-dev"
        },
        {
            "package": "twig/twig",
            "version": "dev-master",
            "source-reference": "f2f698c820d4396f519ef4175ad6fe79fcfb9ecf",
            "commit-date": "1344328685"
        },
        {
            "package": "united-prototype/php-ga",
            "version": "dev-master",
            "source-reference": "8b23388596f9b743c9329698d2242863a7729630",
            "commit-date": "1341930771"
        },
        {
            "package": "white-october/pagerfanta-bundle",
            "version": "dev-master",
            "source-reference": "38e317a3ecd5a68e2322024ea8fe57632d4ddd68",
            "commit-date": "1343134121"
        },
        {
            "package": "zendframework/zend-cache",
            "version": "2.0.0rc3"
        },
        {
            "package": "zendframework/zend-eventmanager",
            "version": "2.0.0rc3"
        },
        {
            "package": "zendframework/zend-servicemanager",
            "version": "2.0.0rc3"
        },
        {
            "package": "zendframework/zend-stdlib",
            "version": "2.0.0rc3"
        }
    ],
    "packages-dev": null,
    "aliases": [

    ],
    "minimum-stability": "dev",
    "stability-flags": {
        "doctrine/doctrine-bundle": 20,
        "twig/extensions": 20,
        "symfony/assetic-bundle": 20,
        "symfony/swiftmailer-bundle": 20,
        "symfony/monolog-bundle": 20,
        "sensio/distribution-bundle": 20,
        "sensio/framework-extra-bundle": 20,
        "sensio/generator-bundle": 20,
        "doctrine/doctrine-migrations-bundle": 20
    }
}
